// !$*UTF8*$!
{
	archiveVersion = 1;
	classes = {
	};
	objectVersion = 46;
	objects = {

/* Begin PBXBuildFile section */
		3E1A1E661AD07C2B00223873 /* main.m in Sources */ = {isa = PBXBuildFile; fileRef = 3E1A1E651AD07C2B00223873 /* main.m */; };
		3E1A1E691AD07C2B00223873 /* AppDelegate.m in Sources */ = {isa = PBXBuildFile; fileRef = 3E1A1E681AD07C2B00223873 /* AppDelegate.m */; };
		3E1A1E6F1AD07C2B00223873 /* Main.storyboard in Resources */ = {isa = PBXBuildFile; fileRef = 3E1A1E6D1AD07C2B00223873 /* Main.storyboard */; };
		3E1A1E711AD07C2B00223873 /* Images.xcassets in Resources */ = {isa = PBXBuildFile; fileRef = 3E1A1E701AD07C2B00223873 /* Images.xcassets */; };
		3E1A1E741AD07C2B00223873 /* LaunchScreen.xib in Resources */ = {isa = PBXBuildFile; fileRef = 3E1A1E721AD07C2B00223873 /* LaunchScreen.xib */; };
		3E1A1E801AD07C2B00223873 /* ahaactioncenterTests.m in Sources */ = {isa = PBXBuildFile; fileRef = 3E1A1E7F1AD07C2B00223873 /* ahaactioncenterTests.m */; };
		3E373DDE1AD0AD80004DE20B /* Crashlytics.framework in Frameworks */ = {isa = PBXBuildFile; fileRef = 3E373DDC1AD0AD80004DE20B /* Crashlytics.framework */; };
		3E373DDF1AD0AD80004DE20B /* Fabric.framework in Frameworks */ = {isa = PBXBuildFile; fileRef = 3E373DDD1AD0AD80004DE20B /* Fabric.framework */; };
		3E373DE21AD0AF3C004DE20B /* TwitterKit.framework in Frameworks */ = {isa = PBXBuildFile; fileRef = 3E373DE01AD0AF3C004DE20B /* TwitterKit.framework */; };
		3E373DE31AD0AF3C004DE20B /* TwitterKitResources.bundle in Resources */ = {isa = PBXBuildFile; fileRef = 3E373DE11AD0AF3C004DE20B /* TwitterKitResources.bundle */; };
		3E373DE51AD0AFE8004DE20B /* StoreKit.framework in Frameworks */ = {isa = PBXBuildFile; fileRef = 3E373DE41AD0AFE8004DE20B /* StoreKit.framework */; };
		3E373DE81AD0C6FE004DE20B /* Constants.m in Sources */ = {isa = PBXBuildFile; fileRef = 3E373DE71AD0C6FE004DE20B /* Constants.m */; };
		3E373DEA1AD0C855004DE20B /* Social.framework in Frameworks */ = {isa = PBXBuildFile; fileRef = 3E373DE91AD0C855004DE20B /* Social.framework */; };
		3E373DEC1AD0C85E004DE20B /* Twitter.framework in Frameworks */ = {isa = PBXBuildFile; fileRef = 3E373DEB1AD0C85E004DE20B /* Twitter.framework */; };
		3E373DF31AD0D79B004DE20B /* ActionCenterManager.m in Sources */ = {isa = PBXBuildFile; fileRef = 3E373DF21AD0D79B004DE20B /* ActionCenterManager.m */; };
		3E373DF61AD0DB30004DE20B /* MenuViewController.m in Sources */ = {isa = PBXBuildFile; fileRef = 3E373DF51AD0DB30004DE20B /* MenuViewController.m */; };
		3E5A44031AD19B83001D6806 /* ProgressHUD.m in Sources */ = {isa = PBXBuildFile; fileRef = 3E5A44021AD19B83001D6806 /* ProgressHUD.m */; };
		3EB8083C1AD20A7800FC8584 /* LoginViewController.m in Sources */ = {isa = PBXBuildFile; fileRef = 3EB8083B1AD20A7800FC8584 /* LoginViewController.m */; };
		3EB8083F1AD20CC300FC8584 /* MainViewController.m in Sources */ = {isa = PBXBuildFile; fileRef = 3EB8083E1AD20CC300FC8584 /* MainViewController.m */; };
		3ED95A881AD0F231003269D8 /* RATableViewCell.m in Sources */ = {isa = PBXBuildFile; fileRef = 3ED95A861AD0F231003269D8 /* RATableViewCell.m */; };
		3ED95A891AD0F231003269D8 /* RATableViewCell.xib in Resources */ = {isa = PBXBuildFile; fileRef = 3ED95A871AD0F231003269D8 /* RATableViewCell.xib */; };
		619BC22D1AD310A700E9FAE4 /* TwitterFeedsViewController.m in Sources */ = {isa = PBXBuildFile; fileRef = 619BC22B1AD310A700E9FAE4 /* TwitterFeedsViewController.m */; };
		619BC2301AD310BB00E9FAE4 /* TwitterTableViewCell.m in Sources */ = {isa = PBXBuildFile; fileRef = 619BC22F1AD310BB00E9FAE4 /* TwitterTableViewCell.m */; };
		619BC23F1AD3123100E9FAE4 /* DescriptionClass.m in Sources */ = {isa = PBXBuildFile; fileRef = 619BC2341AD3123100E9FAE4 /* DescriptionClass.m */; };
		619BC2401AD3123100E9FAE4 /* Entities.m in Sources */ = {isa = PBXBuildFile; fileRef = 619BC2361AD3123100E9FAE4 /* Entities.m */; };
		619BC2411AD3123100E9FAE4 /* Url.m in Sources */ = {isa = PBXBuildFile; fileRef = 619BC2381AD3123100E9FAE4 /* Url.m */; };
		619BC2421AD3123100E9FAE4 /* Urls.m in Sources */ = {isa = PBXBuildFile; fileRef = 619BC23A1AD3123100E9FAE4 /* Urls.m */; };
		619BC2431AD3123100E9FAE4 /* User.m in Sources */ = {isa = PBXBuildFile; fileRef = 619BC23C1AD3123100E9FAE4 /* User.m */; };
		619BC2441AD3123100E9FAE4 /* UserStatusTwitterItem.m in Sources */ = {isa = PBXBuildFile; fileRef = 619BC23E1AD3123100E9FAE4 /* UserStatusTwitterItem.m */; };
		619BC2471AD3287C00E9FAE4 /* CampaignDetailViewController.m in Sources */ = {isa = PBXBuildFile; fileRef = 619BC2461AD3287C00E9FAE4 /* CampaignDetailViewController.m */; };
		619BC24D1AD33D1400E9FAE4 /* CampaignDetailView.m in Sources */ = {isa = PBXBuildFile; fileRef = 619BC24C1AD33D1400E9FAE4 /* CampaignDetailView.m */; };
		619BC2501AD38E7E00E9FAE4 /* OAM.m in Sources */ = {isa = PBXBuildFile; fileRef = 619BC24F1AD38E7E00E9FAE4 /* OAM.m */; };
		61F103651AD3A98B00547571 /* VoterVoice.m in Sources */ = {isa = PBXBuildFile; fileRef = 61F103561AD3A98B00547571 /* VoterVoice.m */; };
		61F103661AD3A98B00547571 /* VoterVoiceAddress.m in Sources */ = {isa = PBXBuildFile; fileRef = 61F103581AD3A98B00547571 /* VoterVoiceAddress.m */; };
		61F103671AD3A98B00547571 /* VoterVoiceBody.m in Sources */ = {isa = PBXBuildFile; fileRef = 61F1035A1AD3A98B00547571 /* VoterVoiceBody.m */; };
		61F103681AD3A98B00547571 /* VoterVoiceMatches.m in Sources */ = {isa = PBXBuildFile; fileRef = 61F1035C1AD3A98B00547571 /* VoterVoiceMatches.m */; };
		61F103691AD3A98B00547571 /* VoterVoiceMessage.m in Sources */ = {isa = PBXBuildFile; fileRef = 61F1035E1AD3A98B00547571 /* VoterVoiceMessage.m */; };
		61F1036A1AD3A98B00547571 /* VoterVoiceResponse.m in Sources */ = {isa = PBXBuildFile; fileRef = 61F103601AD3A98B00547571 /* VoterVoiceResponse.m */; };
		61F1036B1AD3A98B00547571 /* VoterVoiceSelectedAnswers.m in Sources */ = {isa = PBXBuildFile; fileRef = 61F103621AD3A98B00547571 /* VoterVoiceSelectedAnswers.m */; };
		61F1036C1AD3A98B00547571 /* VoterVoiceTargets.m in Sources */ = {isa = PBXBuildFile; fileRef = 61F103641AD3A98B00547571 /* VoterVoiceTargets.m */; };
		A086770766F0983F6765C99A /* libPods.a in Frameworks */ = {isa = PBXBuildFile; fileRef = 0DDA86D67A6B3548A0EC686B /* libPods.a */; };
/* End PBXBuildFile section */

/* Begin PBXContainerItemProxy section */
		3E1A1E7A1AD07C2B00223873 /* PBXContainerItemProxy */ = {
			isa = PBXContainerItemProxy;
			containerPortal = 3E1A1E581AD07C2B00223873 /* Project object */;
			proxyType = 1;
			remoteGlobalIDString = 3E1A1E5F1AD07C2B00223873;
			remoteInfo = ahaactioncenter;
		};
/* End PBXContainerItemProxy section */

/* Begin PBXFileReference section */
		0453A5EB948062010DB6DA73 /* Pods.debug.xcconfig */ = {isa = PBXFileReference; includeInIndex = 1; lastKnownFileType = text.xcconfig; name = Pods.debug.xcconfig; path = "Pods/Target Support Files/Pods/Pods.debug.xcconfig"; sourceTree = "<group>"; };
		0DDA86D67A6B3548A0EC686B /* libPods.a */ = {isa = PBXFileReference; explicitFileType = archive.ar; includeInIndex = 0; path = libPods.a; sourceTree = BUILT_PRODUCTS_DIR; };
		3E1A1E601AD07C2B00223873 /* ahaactioncenter.app */ = {isa = PBXFileReference; explicitFileType = wrapper.application; includeInIndex = 0; path = ahaactioncenter.app; sourceTree = BUILT_PRODUCTS_DIR; };
		3E1A1E641AD07C2B00223873 /* Info.plist */ = {isa = PBXFileReference; lastKnownFileType = text.plist.xml; path = Info.plist; sourceTree = "<group>"; };
		3E1A1E651AD07C2B00223873 /* main.m */ = {isa = PBXFileReference; lastKnownFileType = sourcecode.c.objc; path = main.m; sourceTree = "<group>"; };
		3E1A1E671AD07C2B00223873 /* AppDelegate.h */ = {isa = PBXFileReference; lastKnownFileType = sourcecode.c.h; path = AppDelegate.h; sourceTree = "<group>"; };
		3E1A1E681AD07C2B00223873 /* AppDelegate.m */ = {isa = PBXFileReference; lastKnownFileType = sourcecode.c.objc; path = AppDelegate.m; sourceTree = "<group>"; };
		3E1A1E6E1AD07C2B00223873 /* Base */ = {isa = PBXFileReference; lastKnownFileType = file.storyboard; name = Base; path = Base.lproj/Main.storyboard; sourceTree = "<group>"; };
		3E1A1E701AD07C2B00223873 /* Images.xcassets */ = {isa = PBXFileReference; lastKnownFileType = folder.assetcatalog; path = Images.xcassets; sourceTree = "<group>"; };
		3E1A1E731AD07C2B00223873 /* Base */ = {isa = PBXFileReference; lastKnownFileType = file.xib; name = Base; path = Base.lproj/LaunchScreen.xib; sourceTree = "<group>"; };
		3E1A1E791AD07C2B00223873 /* ahaactioncenterTests.xctest */ = {isa = PBXFileReference; explicitFileType = wrapper.cfbundle; includeInIndex = 0; path = ahaactioncenterTests.xctest; sourceTree = BUILT_PRODUCTS_DIR; };
		3E1A1E7E1AD07C2B00223873 /* Info.plist */ = {isa = PBXFileReference; lastKnownFileType = text.plist.xml; path = Info.plist; sourceTree = "<group>"; };
		3E1A1E7F1AD07C2B00223873 /* ahaactioncenterTests.m */ = {isa = PBXFileReference; lastKnownFileType = sourcecode.c.objc; path = ahaactioncenterTests.m; sourceTree = "<group>"; };
		3E373DDC1AD0AD80004DE20B /* Crashlytics.framework */ = {isa = PBXFileReference; lastKnownFileType = wrapper.framework; path = Crashlytics.framework; sourceTree = "<group>"; };
		3E373DDD1AD0AD80004DE20B /* Fabric.framework */ = {isa = PBXFileReference; lastKnownFileType = wrapper.framework; path = Fabric.framework; sourceTree = "<group>"; };
		3E373DE01AD0AF3C004DE20B /* TwitterKit.framework */ = {isa = PBXFileReference; lastKnownFileType = wrapper.framework; path = TwitterKit.framework; sourceTree = "<group>"; };
		3E373DE11AD0AF3C004DE20B /* TwitterKitResources.bundle */ = {isa = PBXFileReference; lastKnownFileType = "wrapper.plug-in"; name = TwitterKitResources.bundle; path = TwitterKit.framework/Versions/A/Resources/TwitterKitResources.bundle; sourceTree = "<group>"; };
		3E373DE41AD0AFE8004DE20B /* StoreKit.framework */ = {isa = PBXFileReference; lastKnownFileType = wrapper.framework; name = StoreKit.framework; path = System/Library/Frameworks/StoreKit.framework; sourceTree = SDKROOT; };
		3E373DE61AD0C6FE004DE20B /* Constants.h */ = {isa = PBXFileReference; fileEncoding = 4; lastKnownFileType = sourcecode.c.h; path = Constants.h; sourceTree = "<group>"; };
		3E373DE71AD0C6FE004DE20B /* Constants.m */ = {isa = PBXFileReference; fileEncoding = 4; lastKnownFileType = sourcecode.c.objc; path = Constants.m; sourceTree = "<group>"; };
		3E373DE91AD0C855004DE20B /* Social.framework */ = {isa = PBXFileReference; lastKnownFileType = wrapper.framework; name = Social.framework; path = System/Library/Frameworks/Social.framework; sourceTree = SDKROOT; };
		3E373DEB1AD0C85E004DE20B /* Twitter.framework */ = {isa = PBXFileReference; lastKnownFileType = wrapper.framework; name = Twitter.framework; path = System/Library/Frameworks/Twitter.framework; sourceTree = SDKROOT; };
		3E373DF11AD0D79B004DE20B /* ActionCenterManager.h */ = {isa = PBXFileReference; fileEncoding = 4; lastKnownFileType = sourcecode.c.h; name = ActionCenterManager.h; path = Models/ActionCenterManager.h; sourceTree = "<group>"; };
		3E373DF21AD0D79B004DE20B /* ActionCenterManager.m */ = {isa = PBXFileReference; fileEncoding = 4; lastKnownFileType = sourcecode.c.objc; name = ActionCenterManager.m; path = Models/ActionCenterManager.m; sourceTree = "<group>"; };
		3E373DF41AD0DB30004DE20B /* MenuViewController.h */ = {isa = PBXFileReference; fileEncoding = 4; lastKnownFileType = sourcecode.c.h; name = MenuViewController.h; path = Controllers/MenuViewController.h; sourceTree = "<group>"; };
		3E373DF51AD0DB30004DE20B /* MenuViewController.m */ = {isa = PBXFileReference; fileEncoding = 4; lastKnownFileType = sourcecode.c.objc; name = MenuViewController.m; path = Controllers/MenuViewController.m; sourceTree = "<group>"; };
		3E5A44011AD19B83001D6806 /* ProgressHUD.h */ = {isa = PBXFileReference; fileEncoding = 4; lastKnownFileType = sourcecode.c.h; name = ProgressHUD.h; path = Models/ProgressHUD.h; sourceTree = "<group>"; };
		3E5A44021AD19B83001D6806 /* ProgressHUD.m */ = {isa = PBXFileReference; fileEncoding = 4; lastKnownFileType = sourcecode.c.objc; name = ProgressHUD.m; path = Models/ProgressHUD.m; sourceTree = "<group>"; };
		3EB8083A1AD20A7800FC8584 /* LoginViewController.h */ = {isa = PBXFileReference; fileEncoding = 4; lastKnownFileType = sourcecode.c.h; name = LoginViewController.h; path = Controllers/LoginViewController.h; sourceTree = "<group>"; };
		3EB8083B1AD20A7800FC8584 /* LoginViewController.m */ = {isa = PBXFileReference; fileEncoding = 4; lastKnownFileType = sourcecode.c.objc; name = LoginViewController.m; path = Controllers/LoginViewController.m; sourceTree = "<group>"; };
		3EB8083D1AD20CC300FC8584 /* MainViewController.h */ = {isa = PBXFileReference; fileEncoding = 4; lastKnownFileType = sourcecode.c.h; name = MainViewController.h; path = Controllers/MainViewController.h; sourceTree = "<group>"; };
		3EB8083E1AD20CC300FC8584 /* MainViewController.m */ = {isa = PBXFileReference; fileEncoding = 4; lastKnownFileType = sourcecode.c.objc; name = MainViewController.m; path = Controllers/MainViewController.m; sourceTree = "<group>"; };
		3ED95A851AD0F231003269D8 /* RATableViewCell.h */ = {isa = PBXFileReference; fileEncoding = 4; lastKnownFileType = sourcecode.c.h; name = RATableViewCell.h; path = Views/RATableViewCell.h; sourceTree = "<group>"; };
		3ED95A861AD0F231003269D8 /* RATableViewCell.m */ = {isa = PBXFileReference; fileEncoding = 4; lastKnownFileType = sourcecode.c.objc; name = RATableViewCell.m; path = Views/RATableViewCell.m; sourceTree = "<group>"; };
		3ED95A871AD0F231003269D8 /* RATableViewCell.xib */ = {isa = PBXFileReference; fileEncoding = 4; lastKnownFileType = file.xib; name = RATableViewCell.xib; path = Views/RATableViewCell.xib; sourceTree = "<group>"; };
		619BC22B1AD310A700E9FAE4 /* TwitterFeedsViewController.m */ = {isa = PBXFileReference; fileEncoding = 4; lastKnownFileType = sourcecode.c.objc; name = TwitterFeedsViewController.m; path = Controllers/TwitterFeedsViewController.m; sourceTree = "<group>"; };
		619BC22C1AD310A700E9FAE4 /* TwitterFeedsViewController.h */ = {isa = PBXFileReference; fileEncoding = 4; lastKnownFileType = sourcecode.c.h; name = TwitterFeedsViewController.h; path = Controllers/TwitterFeedsViewController.h; sourceTree = "<group>"; };
		619BC22E1AD310BB00E9FAE4 /* TwitterTableViewCell.h */ = {isa = PBXFileReference; fileEncoding = 4; lastKnownFileType = sourcecode.c.h; name = TwitterTableViewCell.h; path = Views/TwitterTableViewCell.h; sourceTree = "<group>"; };
		619BC22F1AD310BB00E9FAE4 /* TwitterTableViewCell.m */ = {isa = PBXFileReference; fileEncoding = 4; lastKnownFileType = sourcecode.c.objc; name = TwitterTableViewCell.m; path = Views/TwitterTableViewCell.m; sourceTree = "<group>"; };
		619BC2321AD3123100E9FAE4 /* DataModels.h */ = {isa = PBXFileReference; fileEncoding = 4; lastKnownFileType = sourcecode.c.h; path = DataModels.h; sourceTree = "<group>"; };
		619BC2331AD3123100E9FAE4 /* DescriptionClass.h */ = {isa = PBXFileReference; fileEncoding = 4; lastKnownFileType = sourcecode.c.h; path = DescriptionClass.h; sourceTree = "<group>"; };
		619BC2341AD3123100E9FAE4 /* DescriptionClass.m */ = {isa = PBXFileReference; fileEncoding = 4; lastKnownFileType = sourcecode.c.objc; path = DescriptionClass.m; sourceTree = "<group>"; };
		619BC2351AD3123100E9FAE4 /* Entities.h */ = {isa = PBXFileReference; fileEncoding = 4; lastKnownFileType = sourcecode.c.h; path = Entities.h; sourceTree = "<group>"; };
		619BC2361AD3123100E9FAE4 /* Entities.m */ = {isa = PBXFileReference; fileEncoding = 4; lastKnownFileType = sourcecode.c.objc; path = Entities.m; sourceTree = "<group>"; };
		619BC2371AD3123100E9FAE4 /* Url.h */ = {isa = PBXFileReference; fileEncoding = 4; lastKnownFileType = sourcecode.c.h; path = Url.h; sourceTree = "<group>"; };
		619BC2381AD3123100E9FAE4 /* Url.m */ = {isa = PBXFileReference; fileEncoding = 4; lastKnownFileType = sourcecode.c.objc; path = Url.m; sourceTree = "<group>"; };
		619BC2391AD3123100E9FAE4 /* Urls.h */ = {isa = PBXFileReference; fileEncoding = 4; lastKnownFileType = sourcecode.c.h; path = Urls.h; sourceTree = "<group>"; };
		619BC23A1AD3123100E9FAE4 /* Urls.m */ = {isa = PBXFileReference; fileEncoding = 4; lastKnownFileType = sourcecode.c.objc; path = Urls.m; sourceTree = "<group>"; };
		619BC23B1AD3123100E9FAE4 /* User.h */ = {isa = PBXFileReference; fileEncoding = 4; lastKnownFileType = sourcecode.c.h; path = User.h; sourceTree = "<group>"; };
		619BC23C1AD3123100E9FAE4 /* User.m */ = {isa = PBXFileReference; fileEncoding = 4; lastKnownFileType = sourcecode.c.objc; path = User.m; sourceTree = "<group>"; };
		619BC23D1AD3123100E9FAE4 /* UserStatusTwitterItem.h */ = {isa = PBXFileReference; fileEncoding = 4; lastKnownFileType = sourcecode.c.h; path = UserStatusTwitterItem.h; sourceTree = "<group>"; };
		619BC23E1AD3123100E9FAE4 /* UserStatusTwitterItem.m */ = {isa = PBXFileReference; fileEncoding = 4; lastKnownFileType = sourcecode.c.objc; path = UserStatusTwitterItem.m; sourceTree = "<group>"; };
		619BC2451AD3287C00E9FAE4 /* CampaignDetailViewController.h */ = {isa = PBXFileReference; fileEncoding = 4; lastKnownFileType = sourcecode.c.h; name = CampaignDetailViewController.h; path = Controllers/CampaignDetailViewController.h; sourceTree = "<group>"; };
		619BC2461AD3287C00E9FAE4 /* CampaignDetailViewController.m */ = {isa = PBXFileReference; fileEncoding = 4; lastKnownFileType = sourcecode.c.objc; name = CampaignDetailViewController.m; path = Controllers/CampaignDetailViewController.m; sourceTree = "<group>"; };
		619BC24B1AD33D1400E9FAE4 /* CampaignDetailView.h */ = {isa = PBXFileReference; fileEncoding = 4; lastKnownFileType = sourcecode.c.h; name = CampaignDetailView.h; path = Views/CampaignDetailView.h; sourceTree = "<group>"; };
		619BC24C1AD33D1400E9FAE4 /* CampaignDetailView.m */ = {isa = PBXFileReference; fileEncoding = 4; lastKnownFileType = sourcecode.c.objc; name = CampaignDetailView.m; path = Views/CampaignDetailView.m; sourceTree = "<group>"; };
		619BC24E1AD38E7E00E9FAE4 /* OAM.h */ = {isa = PBXFileReference; fileEncoding = 4; lastKnownFileType = sourcecode.c.h; name = OAM.h; path = Models/OAM.h; sourceTree = "<group>"; };
		619BC24F1AD38E7E00E9FAE4 /* OAM.m */ = {isa = PBXFileReference; fileEncoding = 4; lastKnownFileType = sourcecode.c.objc; name = OAM.m; path = Models/OAM.m; sourceTree = "<group>"; };
		61F103551AD3A98B00547571 /* VoterVoice.h */ = {isa = PBXFileReference; fileEncoding = 4; lastKnownFileType = sourcecode.c.h; path = VoterVoice.h; sourceTree = "<group>"; };
		61F103561AD3A98B00547571 /* VoterVoice.m */ = {isa = PBXFileReference; fileEncoding = 4; lastKnownFileType = sourcecode.c.objc; path = VoterVoice.m; sourceTree = "<group>"; };
		61F103571AD3A98B00547571 /* VoterVoiceAddress.h */ = {isa = PBXFileReference; fileEncoding = 4; lastKnownFileType = sourcecode.c.h; path = VoterVoiceAddress.h; sourceTree = "<group>"; };
		61F103581AD3A98B00547571 /* VoterVoiceAddress.m */ = {isa = PBXFileReference; fileEncoding = 4; lastKnownFileType = sourcecode.c.objc; path = VoterVoiceAddress.m; sourceTree = "<group>"; };
		61F103591AD3A98B00547571 /* VoterVoiceBody.h */ = {isa = PBXFileReference; fileEncoding = 4; lastKnownFileType = sourcecode.c.h; path = VoterVoiceBody.h; sourceTree = "<group>"; };
		61F1035A1AD3A98B00547571 /* VoterVoiceBody.m */ = {isa = PBXFileReference; fileEncoding = 4; lastKnownFileType = sourcecode.c.objc; path = VoterVoiceBody.m; sourceTree = "<group>"; };
		61F1035B1AD3A98B00547571 /* VoterVoiceMatches.h */ = {isa = PBXFileReference; fileEncoding = 4; lastKnownFileType = sourcecode.c.h; path = VoterVoiceMatches.h; sourceTree = "<group>"; };
		61F1035C1AD3A98B00547571 /* VoterVoiceMatches.m */ = {isa = PBXFileReference; fileEncoding = 4; lastKnownFileType = sourcecode.c.objc; path = VoterVoiceMatches.m; sourceTree = "<group>"; };
		61F1035D1AD3A98B00547571 /* VoterVoiceMessage.h */ = {isa = PBXFileReference; fileEncoding = 4; lastKnownFileType = sourcecode.c.h; path = VoterVoiceMessage.h; sourceTree = "<group>"; };
		61F1035E1AD3A98B00547571 /* VoterVoiceMessage.m */ = {isa = PBXFileReference; fileEncoding = 4; lastKnownFileType = sourcecode.c.objc; path = VoterVoiceMessage.m; sourceTree = "<group>"; };
		61F1035F1AD3A98B00547571 /* VoterVoiceResponse.h */ = {isa = PBXFileReference; fileEncoding = 4; lastKnownFileType = sourcecode.c.h; path = VoterVoiceResponse.h; sourceTree = "<group>"; };
		61F103601AD3A98B00547571 /* VoterVoiceResponse.m */ = {isa = PBXFileReference; fileEncoding = 4; lastKnownFileType = sourcecode.c.objc; path = VoterVoiceResponse.m; sourceTree = "<group>"; };
		61F103611AD3A98B00547571 /* VoterVoiceSelectedAnswers.h */ = {isa = PBXFileReference; fileEncoding = 4; lastKnownFileType = sourcecode.c.h; path = VoterVoiceSelectedAnswers.h; sourceTree = "<group>"; };
		61F103621AD3A98B00547571 /* VoterVoiceSelectedAnswers.m */ = {isa = PBXFileReference; fileEncoding = 4; lastKnownFileType = sourcecode.c.objc; path = VoterVoiceSelectedAnswers.m; sourceTree = "<group>"; };
		61F103631AD3A98B00547571 /* VoterVoiceTargets.h */ = {isa = PBXFileReference; fileEncoding = 4; lastKnownFileType = sourcecode.c.h; path = VoterVoiceTargets.h; sourceTree = "<group>"; };
		61F103641AD3A98B00547571 /* VoterVoiceTargets.m */ = {isa = PBXFileReference; fileEncoding = 4; lastKnownFileType = sourcecode.c.objc; path = VoterVoiceTargets.m; sourceTree = "<group>"; };
		A526A2FDFB51284950326C6D /* Pods.release.xcconfig */ = {isa = PBXFileReference; includeInIndex = 1; lastKnownFileType = text.xcconfig; name = Pods.release.xcconfig; path = "Pods/Target Support Files/Pods/Pods.release.xcconfig"; sourceTree = "<group>"; };
/* End PBXFileReference section */

/* Begin PBXFrameworksBuildPhase section */
		3E1A1E5D1AD07C2B00223873 /* Frameworks */ = {
			isa = PBXFrameworksBuildPhase;
			buildActionMask = 2147483647;
			files = (
				3E373DEC1AD0C85E004DE20B /* Twitter.framework in Frameworks */,
				3E373DEA1AD0C855004DE20B /* Social.framework in Frameworks */,
				3E373DE51AD0AFE8004DE20B /* StoreKit.framework in Frameworks */,
				3E373DDE1AD0AD80004DE20B /* Crashlytics.framework in Frameworks */,
				A086770766F0983F6765C99A /* libPods.a in Frameworks */,
				3E373DDF1AD0AD80004DE20B /* Fabric.framework in Frameworks */,
				3E373DE21AD0AF3C004DE20B /* TwitterKit.framework in Frameworks */,
			);
			runOnlyForDeploymentPostprocessing = 0;
		};
		3E1A1E761AD07C2B00223873 /* Frameworks */ = {
			isa = PBXFrameworksBuildPhase;
			buildActionMask = 2147483647;
			files = (
			);
			runOnlyForDeploymentPostprocessing = 0;
		};
/* End PBXFrameworksBuildPhase section */

/* Begin PBXGroup section */
		3E1A1E571AD07C2B00223873 = {
			isa = PBXGroup;
			children = (
				3E1A1E621AD07C2B00223873 /* ahaactioncenter */,
				3E1A1E7C1AD07C2B00223873 /* ahaactioncenterTests */,
				3E1A1E611AD07C2B00223873 /* Products */,
				EF8075256980994FE3A5B356 /* Pods */,
				C888BD7119310D63E5238525 /* Frameworks */,
			);
			sourceTree = "<group>";
		};
		3E1A1E611AD07C2B00223873 /* Products */ = {
			isa = PBXGroup;
			children = (
				3E1A1E601AD07C2B00223873 /* ahaactioncenter.app */,
				3E1A1E791AD07C2B00223873 /* ahaactioncenterTests.xctest */,
			);
			name = Products;
			sourceTree = "<group>";
		};
		3E1A1E621AD07C2B00223873 /* ahaactioncenter */ = {
			isa = PBXGroup;
			children = (
				3E1A1E671AD07C2B00223873 /* AppDelegate.h */,
				3E1A1E681AD07C2B00223873 /* AppDelegate.m */,
				3E373DE61AD0C6FE004DE20B /* Constants.h */,
				3E373DE71AD0C6FE004DE20B /* Constants.m */,
				3E373DF01AD0CD91004DE20B /* Models */,
				3E373DF81AD0DB5A004DE20B /* Views */,
				3E373DF71AD0DB38004DE20B /* Controllers */,
				3E1A1E6D1AD07C2B00223873 /* Main.storyboard */,
				3E1A1E701AD07C2B00223873 /* Images.xcassets */,
				3E1A1E721AD07C2B00223873 /* LaunchScreen.xib */,
				3E1A1E631AD07C2B00223873 /* Supporting Files */,
			);
			path = ahaactioncenter;
			sourceTree = "<group>";
		};
		3E1A1E631AD07C2B00223873 /* Supporting Files */ = {
			isa = PBXGroup;
			children = (
				3E1A1E641AD07C2B00223873 /* Info.plist */,
				3E1A1E651AD07C2B00223873 /* main.m */,
			);
			name = "Supporting Files";
			sourceTree = "<group>";
		};
		3E1A1E7C1AD07C2B00223873 /* ahaactioncenterTests */ = {
			isa = PBXGroup;
			children = (
				3E1A1E7F1AD07C2B00223873 /* ahaactioncenterTests.m */,
				3E1A1E7D1AD07C2B00223873 /* Supporting Files */,
			);
			path = ahaactioncenterTests;
			sourceTree = "<group>";
		};
		3E1A1E7D1AD07C2B00223873 /* Supporting Files */ = {
			isa = PBXGroup;
			children = (
				3E1A1E7E1AD07C2B00223873 /* Info.plist */,
			);
			name = "Supporting Files";
			sourceTree = "<group>";
		};
		3E373DF01AD0CD91004DE20B /* Models */ = {
			isa = PBXGroup;
			children = (
				61F103541AD3A98B00547571 /* VoterVoice */,
				619BC2311AD3123100E9FAE4 /* TwitterModels */,
				3E373DF11AD0D79B004DE20B /* ActionCenterManager.h */,
				3E373DF21AD0D79B004DE20B /* ActionCenterManager.m */,
				3E5A44011AD19B83001D6806 /* ProgressHUD.h */,
				3E5A44021AD19B83001D6806 /* ProgressHUD.m */,
				619BC24E1AD38E7E00E9FAE4 /* OAM.h */,
				619BC24F1AD38E7E00E9FAE4 /* OAM.m */,
			);
			name = Models;
			sourceTree = "<group>";
		};
		3E373DF71AD0DB38004DE20B /* Controllers */ = {
			isa = PBXGroup;
			children = (
				3E373DF41AD0DB30004DE20B /* MenuViewController.h */,
				3E373DF51AD0DB30004DE20B /* MenuViewController.m */,
				3EB8083A1AD20A7800FC8584 /* LoginViewController.h */,
				3EB8083B1AD20A7800FC8584 /* LoginViewController.m */,
				3EB8083D1AD20CC300FC8584 /* MainViewController.h */,
				3EB8083E1AD20CC300FC8584 /* MainViewController.m */,
				619BC22C1AD310A700E9FAE4 /* TwitterFeedsViewController.h */,
				619BC22B1AD310A700E9FAE4 /* TwitterFeedsViewController.m */,
				619BC2451AD3287C00E9FAE4 /* CampaignDetailViewController.h */,
				619BC2461AD3287C00E9FAE4 /* CampaignDetailViewController.m */,
			);
			name = Controllers;
			sourceTree = "<group>";
		};
		3E373DF81AD0DB5A004DE20B /* Views */ = {
			isa = PBXGroup;
			children = (
				619BC22E1AD310BB00E9FAE4 /* TwitterTableViewCell.h */,
				619BC22F1AD310BB00E9FAE4 /* TwitterTableViewCell.m */,
				3ED95A851AD0F231003269D8 /* RATableViewCell.h */,
				3ED95A861AD0F231003269D8 /* RATableViewCell.m */,
				3ED95A871AD0F231003269D8 /* RATableViewCell.xib */,
				619BC24B1AD33D1400E9FAE4 /* CampaignDetailView.h */,
				619BC24C1AD33D1400E9FAE4 /* CampaignDetailView.m */,
			);
			name = Views;
			sourceTree = "<group>";
		};
		619BC2311AD3123100E9FAE4 /* TwitterModels */ = {
			isa = PBXGroup;
			children = (
				619BC2321AD3123100E9FAE4 /* DataModels.h */,
				619BC2331AD3123100E9FAE4 /* DescriptionClass.h */,
				619BC2341AD3123100E9FAE4 /* DescriptionClass.m */,
				619BC2351AD3123100E9FAE4 /* Entities.h */,
				619BC2361AD3123100E9FAE4 /* Entities.m */,
				619BC2371AD3123100E9FAE4 /* Url.h */,
				619BC2381AD3123100E9FAE4 /* Url.m */,
				619BC2391AD3123100E9FAE4 /* Urls.h */,
				619BC23A1AD3123100E9FAE4 /* Urls.m */,
				619BC23B1AD3123100E9FAE4 /* User.h */,
				619BC23C1AD3123100E9FAE4 /* User.m */,
				619BC23D1AD3123100E9FAE4 /* UserStatusTwitterItem.h */,
				619BC23E1AD3123100E9FAE4 /* UserStatusTwitterItem.m */,
			);
			name = TwitterModels;
			path = Models/TwitterModels;
			sourceTree = "<group>";
		};
		61F103541AD3A98B00547571 /* VoterVoice */ = {
			isa = PBXGroup;
			children = (
				61F103551AD3A98B00547571 /* VoterVoice.h */,
				61F103561AD3A98B00547571 /* VoterVoice.m */,
				61F103571AD3A98B00547571 /* VoterVoiceAddress.h */,
				61F103581AD3A98B00547571 /* VoterVoiceAddress.m */,
				61F103591AD3A98B00547571 /* VoterVoiceBody.h */,
				61F1035A1AD3A98B00547571 /* VoterVoiceBody.m */,
				61F1035B1AD3A98B00547571 /* VoterVoiceMatches.h */,
				61F1035C1AD3A98B00547571 /* VoterVoiceMatches.m */,
				61F1035D1AD3A98B00547571 /* VoterVoiceMessage.h */,
				61F1035E1AD3A98B00547571 /* VoterVoiceMessage.m */,
				61F1035F1AD3A98B00547571 /* VoterVoiceResponse.h */,
				61F103601AD3A98B00547571 /* VoterVoiceResponse.m */,
				61F103611AD3A98B00547571 /* VoterVoiceSelectedAnswers.h */,
				61F103621AD3A98B00547571 /* VoterVoiceSelectedAnswers.m */,
				61F103631AD3A98B00547571 /* VoterVoiceTargets.h */,
				61F103641AD3A98B00547571 /* VoterVoiceTargets.m */,
			);
			name = VoterVoice;
			path = Models/VoterVoice;
			sourceTree = "<group>";
		};
		C888BD7119310D63E5238525 /* Frameworks */ = {
			isa = PBXGroup;
			children = (
				3E373DEB1AD0C85E004DE20B /* Twitter.framework */,
				3E373DE91AD0C855004DE20B /* Social.framework */,
				3E373DE01AD0AF3C004DE20B /* TwitterKit.framework */,
				3E373DE11AD0AF3C004DE20B /* TwitterKitResources.bundle */,
				3E373DDC1AD0AD80004DE20B /* Crashlytics.framework */,
				3E373DDD1AD0AD80004DE20B /* Fabric.framework */,
				3E373DE41AD0AFE8004DE20B /* StoreKit.framework */,
				0DDA86D67A6B3548A0EC686B /* libPods.a */,
			);
			name = Frameworks;
			sourceTree = "<group>";
		};
		EF8075256980994FE3A5B356 /* Pods */ = {
			isa = PBXGroup;
			children = (
				0453A5EB948062010DB6DA73 /* Pods.debug.xcconfig */,
				A526A2FDFB51284950326C6D /* Pods.release.xcconfig */,
			);
			name = Pods;
			sourceTree = "<group>";
		};
/* End PBXGroup section */

/* Begin PBXNativeTarget section */
		3E1A1E5F1AD07C2B00223873 /* ahaactioncenter */ = {
			isa = PBXNativeTarget;
			buildConfigurationList = 3E1A1E831AD07C2B00223873 /* Build configuration list for PBXNativeTarget "ahaactioncenter" */;
			buildPhases = (
				9AE7A2231094603965C3AB2C /* Check Pods Manifest.lock */,
				3E1A1E5C1AD07C2B00223873 /* Sources */,
				3E1A1E5D1AD07C2B00223873 /* Frameworks */,
				3E1A1E5E1AD07C2B00223873 /* Resources */,
				8F8E1EFC104B3F90EA264EAD /* Copy Pods Resources */,
				3E373DDB1AD0AD1B004DE20B /* Fabric */,
			);
			buildRules = (
			);
			dependencies = (
			);
			name = ahaactioncenter;
			productName = ahaactioncenter;
			productReference = 3E1A1E601AD07C2B00223873 /* ahaactioncenter.app */;
			productType = "com.apple.product-type.application";
		};
		3E1A1E781AD07C2B00223873 /* ahaactioncenterTests */ = {
			isa = PBXNativeTarget;
			buildConfigurationList = 3E1A1E861AD07C2B00223873 /* Build configuration list for PBXNativeTarget "ahaactioncenterTests" */;
			buildPhases = (
				3E1A1E751AD07C2B00223873 /* Sources */,
				3E1A1E761AD07C2B00223873 /* Frameworks */,
				3E1A1E771AD07C2B00223873 /* Resources */,
			);
			buildRules = (
			);
			dependencies = (
				3E1A1E7B1AD07C2B00223873 /* PBXTargetDependency */,
			);
			name = ahaactioncenterTests;
			productName = ahaactioncenterTests;
			productReference = 3E1A1E791AD07C2B00223873 /* ahaactioncenterTests.xctest */;
			productType = "com.apple.product-type.bundle.unit-test";
		};
/* End PBXNativeTarget section */

/* Begin PBXProject section */
		3E1A1E581AD07C2B00223873 /* Project object */ = {
			isa = PBXProject;
			attributes = {
				LastUpgradeCheck = 0620;
				ORGANIZATIONNAME = AHA;
				TargetAttributes = {
					3E1A1E5F1AD07C2B00223873 = {
						CreatedOnToolsVersion = 6.2;
						DevelopmentTeam = JE6NFYVN6T;
					};
					3E1A1E781AD07C2B00223873 = {
						CreatedOnToolsVersion = 6.2;
						TestTargetID = 3E1A1E5F1AD07C2B00223873;
					};
				};
			};
			buildConfigurationList = 3E1A1E5B1AD07C2B00223873 /* Build configuration list for PBXProject "ahaactioncenter" */;
			compatibilityVersion = "Xcode 3.2";
			developmentRegion = English;
			hasScannedForEncodings = 0;
			knownRegions = (
				en,
				Base,
			);
			mainGroup = 3E1A1E571AD07C2B00223873;
			productRefGroup = 3E1A1E611AD07C2B00223873 /* Products */;
			projectDirPath = "";
			projectRoot = "";
			targets = (
				3E1A1E5F1AD07C2B00223873 /* ahaactioncenter */,
				3E1A1E781AD07C2B00223873 /* ahaactioncenterTests */,
			);
		};
/* End PBXProject section */

/* Begin PBXResourcesBuildPhase section */
		3E1A1E5E1AD07C2B00223873 /* Resources */ = {
			isa = PBXResourcesBuildPhase;
			buildActionMask = 2147483647;
			files = (
				3E373DE31AD0AF3C004DE20B /* TwitterKitResources.bundle in Resources */,
				3ED95A891AD0F231003269D8 /* RATableViewCell.xib in Resources */,
				3E1A1E6F1AD07C2B00223873 /* Main.storyboard in Resources */,
				3E1A1E741AD07C2B00223873 /* LaunchScreen.xib in Resources */,
				3E1A1E711AD07C2B00223873 /* Images.xcassets in Resources */,
			);
			runOnlyForDeploymentPostprocessing = 0;
		};
		3E1A1E771AD07C2B00223873 /* Resources */ = {
			isa = PBXResourcesBuildPhase;
			buildActionMask = 2147483647;
			files = (
			);
			runOnlyForDeploymentPostprocessing = 0;
		};
/* End PBXResourcesBuildPhase section */

/* Begin PBXShellScriptBuildPhase section */
		3E373DDB1AD0AD1B004DE20B /* Fabric */ = {
			isa = PBXShellScriptBuildPhase;
			buildActionMask = 2147483647;
			files = (
			);
			inputPaths = (
			);
			name = Fabric;
			outputPaths = (
			);
			runOnlyForDeploymentPostprocessing = 0;
			shellPath = /bin/sh;
			shellScript = "./Fabric.framework/run fd3ed08f927de88a4ad1c5f50aefc050504b6fae 7a386d7aae4dedbf076ae35d315a7967ec317aa776b630ba28e694e2de18650d";
		};
		8F8E1EFC104B3F90EA264EAD /* Copy Pods Resources */ = {
			isa = PBXShellScriptBuildPhase;
			buildActionMask = 2147483647;
			files = (
			);
			inputPaths = (
			);
			name = "Copy Pods Resources";
			outputPaths = (
			);
			runOnlyForDeploymentPostprocessing = 0;
			shellPath = /bin/sh;
			shellScript = "\"${SRCROOT}/Pods/Target Support Files/Pods/Pods-resources.sh\"\n";
			showEnvVarsInLog = 0;
		};
		9AE7A2231094603965C3AB2C /* Check Pods Manifest.lock */ = {
			isa = PBXShellScriptBuildPhase;
			buildActionMask = 2147483647;
			files = (
			);
			inputPaths = (
			);
			name = "Check Pods Manifest.lock";
			outputPaths = (
			);
			runOnlyForDeploymentPostprocessing = 0;
			shellPath = /bin/sh;
			shellScript = "diff \"${PODS_ROOT}/../Podfile.lock\" \"${PODS_ROOT}/Manifest.lock\" > /dev/null\nif [[ $? != 0 ]] ; then\n    cat << EOM\nerror: The sandbox is not in sync with the Podfile.lock. Run 'pod install' or update your CocoaPods installation.\nEOM\n    exit 1\nfi\n";
			showEnvVarsInLog = 0;
		};
/* End PBXShellScriptBuildPhase section */

/* Begin PBXSourcesBuildPhase section */
		3E1A1E5C1AD07C2B00223873 /* Sources */ = {
			isa = PBXSourcesBuildPhase;
			buildActionMask = 2147483647;
			files = (
				619BC2431AD3123100E9FAE4 /* User.m in Sources */,
				61F103681AD3A98B00547571 /* VoterVoiceMatches.m in Sources */,
				61F1036C1AD3A98B00547571 /* VoterVoiceTargets.m in Sources */,
				619BC2421AD3123100E9FAE4 /* Urls.m in Sources */,
				3EB8083C1AD20A7800FC8584 /* LoginViewController.m in Sources */,
				619BC2301AD310BB00E9FAE4 /* TwitterTableViewCell.m in Sources */,
				61F103691AD3A98B00547571 /* VoterVoiceMessage.m in Sources */,
				3E1A1E691AD07C2B00223873 /* AppDelegate.m in Sources */,
				3E1A1E661AD07C2B00223873 /* main.m in Sources */,
				61F103661AD3A98B00547571 /* VoterVoiceAddress.m in Sources */,
				619BC2501AD38E7E00E9FAE4 /* OAM.m in Sources */,
				3E373DE81AD0C6FE004DE20B /* Constants.m in Sources */,
				61F103651AD3A98B00547571 /* VoterVoice.m in Sources */,
				61F1036A1AD3A98B00547571 /* VoterVoiceResponse.m in Sources */,
				619BC2441AD3123100E9FAE4 /* UserStatusTwitterItem.m in Sources */,
				619BC2401AD3123100E9FAE4 /* Entities.m in Sources */,
				3EB8083F1AD20CC300FC8584 /* MainViewController.m in Sources */,
				619BC2411AD3123100E9FAE4 /* Url.m in Sources */,
				3E5A44031AD19B83001D6806 /* ProgressHUD.m in Sources */,
				61F1036B1AD3A98B00547571 /* VoterVoiceSelectedAnswers.m in Sources */,
				619BC23F1AD3123100E9FAE4 /* DescriptionClass.m in Sources */,
				61F103671AD3A98B00547571 /* VoterVoiceBody.m in Sources */,
				619BC24D1AD33D1400E9FAE4 /* CampaignDetailView.m in Sources */,
				3E373DF31AD0D79B004DE20B /* ActionCenterManager.m in Sources */,
				3ED95A881AD0F231003269D8 /* RATableViewCell.m in Sources */,
				619BC22D1AD310A700E9FAE4 /* TwitterFeedsViewController.m in Sources */,
				3E373DF61AD0DB30004DE20B /* MenuViewController.m in Sources */,
				619BC2471AD3287C00E9FAE4 /* CampaignDetailViewController.m in Sources */,
			);
			runOnlyForDeploymentPostprocessing = 0;
		};
		3E1A1E751AD07C2B00223873 /* Sources */ = {
			isa = PBXSourcesBuildPhase;
			buildActionMask = 2147483647;
			files = (
				3E1A1E801AD07C2B00223873 /* ahaactioncenterTests.m in Sources */,
			);
			runOnlyForDeploymentPostprocessing = 0;
		};
/* End PBXSourcesBuildPhase section */

/* Begin PBXTargetDependency section */
		3E1A1E7B1AD07C2B00223873 /* PBXTargetDependency */ = {
			isa = PBXTargetDependency;
			target = 3E1A1E5F1AD07C2B00223873 /* ahaactioncenter */;
			targetProxy = 3E1A1E7A1AD07C2B00223873 /* PBXContainerItemProxy */;
		};
/* End PBXTargetDependency section */

/* Begin PBXVariantGroup section */
		3E1A1E6D1AD07C2B00223873 /* Main.storyboard */ = {
			isa = PBXVariantGroup;
			children = (
				3E1A1E6E1AD07C2B00223873 /* Base */,
			);
			name = Main.storyboard;
			sourceTree = "<group>";
		};
		3E1A1E721AD07C2B00223873 /* LaunchScreen.xib */ = {
			isa = PBXVariantGroup;
			children = (
				3E1A1E731AD07C2B00223873 /* Base */,
			);
			name = LaunchScreen.xib;
			sourceTree = "<group>";
		};
/* End PBXVariantGroup section */

/* Begin XCBuildConfiguration section */
		3E1A1E811AD07C2B00223873 /* Debug */ = {
			isa = XCBuildConfiguration;
			buildSettings = {
				ALWAYS_SEARCH_USER_PATHS = NO;
				CLANG_CXX_LANGUAGE_STANDARD = "gnu++0x";
				CLANG_CXX_LIBRARY = "libc++";
				CLANG_ENABLE_MODULES = YES;
				CLANG_ENABLE_OBJC_ARC = YES;
				CLANG_WARN_BOOL_CONVERSION = YES;
				CLANG_WARN_CONSTANT_CONVERSION = YES;
				CLANG_WARN_DIRECT_OBJC_ISA_USAGE = YES_ERROR;
				CLANG_WARN_EMPTY_BODY = YES;
				CLANG_WARN_ENUM_CONVERSION = YES;
				CLANG_WARN_INT_CONVERSION = YES;
				CLANG_WARN_OBJC_ROOT_CLASS = YES_ERROR;
				CLANG_WARN_UNREACHABLE_CODE = YES;
				CLANG_WARN__DUPLICATE_METHOD_MATCH = YES;
				"CODE_SIGN_IDENTITY[sdk=iphoneos*]" = "iPhone Developer";
				COPY_PHASE_STRIP = NO;
				ENABLE_STRICT_OBJC_MSGSEND = YES;
				GCC_C_LANGUAGE_STANDARD = gnu99;
				GCC_DYNAMIC_NO_PIC = NO;
				GCC_OPTIMIZATION_LEVEL = 0;
				GCC_PREPROCESSOR_DEFINITIONS = (
					"DEBUG=1",
					"$(inherited)",
				);
				GCC_SYMBOLS_PRIVATE_EXTERN = NO;
				GCC_WARN_64_TO_32_BIT_CONVERSION = YES;
				GCC_WARN_ABOUT_RETURN_TYPE = YES_ERROR;
				GCC_WARN_UNDECLARED_SELECTOR = YES;
				GCC_WARN_UNINITIALIZED_AUTOS = YES_AGGRESSIVE;
				GCC_WARN_UNUSED_FUNCTION = YES;
				GCC_WARN_UNUSED_VARIABLE = YES;
				IPHONEOS_DEPLOYMENT_TARGET = 8.2;
				MTL_ENABLE_DEBUG_INFO = YES;
				ONLY_ACTIVE_ARCH = YES;
				SDKROOT = iphoneos;
				TARGETED_DEVICE_FAMILY = "1,2";
			};
			name = Debug;
		};
		3E1A1E821AD07C2B00223873 /* Release */ = {
			isa = XCBuildConfiguration;
			buildSettings = {
				ALWAYS_SEARCH_USER_PATHS = NO;
				CLANG_CXX_LANGUAGE_STANDARD = "gnu++0x";
				CLANG_CXX_LIBRARY = "libc++";
				CLANG_ENABLE_MODULES = YES;
				CLANG_ENABLE_OBJC_ARC = YES;
				CLANG_WARN_BOOL_CONVERSION = YES;
				CLANG_WARN_CONSTANT_CONVERSION = YES;
				CLANG_WARN_DIRECT_OBJC_ISA_USAGE = YES_ERROR;
				CLANG_WARN_EMPTY_BODY = YES;
				CLANG_WARN_ENUM_CONVERSION = YES;
				CLANG_WARN_INT_CONVERSION = YES;
				CLANG_WARN_OBJC_ROOT_CLASS = YES_ERROR;
				CLANG_WARN_UNREACHABLE_CODE = YES;
				CLANG_WARN__DUPLICATE_METHOD_MATCH = YES;
				"CODE_SIGN_IDENTITY[sdk=iphoneos*]" = "iPhone Developer";
				COPY_PHASE_STRIP = NO;
				ENABLE_NS_ASSERTIONS = NO;
				ENABLE_STRICT_OBJC_MSGSEND = YES;
				GCC_C_LANGUAGE_STANDARD = gnu99;
				GCC_WARN_64_TO_32_BIT_CONVERSION = YES;
				GCC_WARN_ABOUT_RETURN_TYPE = YES_ERROR;
				GCC_WARN_UNDECLARED_SELECTOR = YES;
				GCC_WARN_UNINITIALIZED_AUTOS = YES_AGGRESSIVE;
				GCC_WARN_UNUSED_FUNCTION = YES;
				GCC_WARN_UNUSED_VARIABLE = YES;
				IPHONEOS_DEPLOYMENT_TARGET = 8.2;
				MTL_ENABLE_DEBUG_INFO = NO;
				SDKROOT = iphoneos;
				TARGETED_DEVICE_FAMILY = "1,2";
				VALIDATE_PRODUCT = YES;
			};
			name = Release;
		};
		3E1A1E841AD07C2B00223873 /* Debug */ = {
			isa = XCBuildConfiguration;
			baseConfigurationReference = 0453A5EB948062010DB6DA73 /* Pods.debug.xcconfig */;
			buildSettings = {
				ASSETCATALOG_COMPILER_APPICON_NAME = AppIcon;
				CODE_SIGN_IDENTITY = "iPhone Developer";
				"CODE_SIGN_IDENTITY[sdk=iphoneos*]" = "iPhone Developer";
				FRAMEWORK_SEARCH_PATHS = (
					"$(inherited)",
					"$(PROJECT_DIR)",
				);
				INFOPLIST_FILE = ahaactioncenter/Info.plist;
				LD_RUNPATH_SEARCH_PATHS = "$(inherited) @executable_path/Frameworks";
				PRODUCT_NAME = "$(TARGET_NAME)";
				PROVISIONING_PROFILE = "";
			};
			name = Debug;
		};
		3E1A1E851AD07C2B00223873 /* Release */ = {
			isa = XCBuildConfiguration;
			baseConfigurationReference = A526A2FDFB51284950326C6D /* Pods.release.xcconfig */;
			buildSettings = {
				ASSETCATALOG_COMPILER_APPICON_NAME = AppIcon;
				CODE_SIGN_IDENTITY = "iPhone Developer";
				"CODE_SIGN_IDENTITY[sdk=iphoneos*]" = "iPhone Developer";
				FRAMEWORK_SEARCH_PATHS = (
					"$(inherited)",
					"$(PROJECT_DIR)",
				);
				INFOPLIST_FILE = ahaactioncenter/Info.plist;
				LD_RUNPATH_SEARCH_PATHS = "$(inherited) @executable_path/Frameworks";
				PRODUCT_NAME = "$(TARGET_NAME)";
				PROVISIONING_PROFILE = "";
			};
			name = Release;
		};
		3E1A1E871AD07C2B00223873 /* Debug */ = {
			isa = XCBuildConfiguration;
			buildSettings = {
				BUNDLE_LOADER = "$(TEST_HOST)";
				FRAMEWORK_SEARCH_PATHS = (
					"$(SDKROOT)/Developer/Library/Frameworks",
					"$(inherited)",
				);
				GCC_PREPROCESSOR_DEFINITIONS = (
					"DEBUG=1",
					"$(inherited)",
				);
				INFOPLIST_FILE = ahaactioncenterTests/Info.plist;
				LD_RUNPATH_SEARCH_PATHS = "$(inherited) @executable_path/Frameworks @loader_path/Frameworks";
				PRODUCT_NAME = "$(TARGET_NAME)";
				TEST_HOST = "$(BUILT_PRODUCTS_DIR)/ahaactioncenter.app/ahaactioncenter";
			};
			name = Debug;
		};
		3E1A1E881AD07C2B00223873 /* Release */ = {
			isa = XCBuildConfiguration;
			buildSettings = {
				BUNDLE_LOADER = "$(TEST_HOST)";
				FRAMEWORK_SEARCH_PATHS = (
					"$(SDKROOT)/Developer/Library/Frameworks",
					"$(inherited)",
				);
				INFOPLIST_FILE = ahaactioncenterTests/Info.plist;
				LD_RUNPATH_SEARCH_PATHS = "$(inherited) @executable_path/Frameworks @loader_path/Frameworks";
				PRODUCT_NAME = "$(TARGET_NAME)";
				TEST_HOST = "$(BUILT_PRODUCTS_DIR)/ahaactioncenter.app/ahaactioncenter";
			};
			name = Release;
		};
/* End XCBuildConfiguration section */

/* Begin XCConfigurationList section */
		3E1A1E5B1AD07C2B00223873 /* Build configuration list for PBXProject "ahaactioncenter" */ = {
			isa = XCConfigurationList;
			buildConfigurations = (
				3E1A1E811AD07C2B00223873 /* Debug */,
				3E1A1E821AD07C2B00223873 /* Release */,
			);
			defaultConfigurationIsVisible = 0;
			defaultConfigurationName = Release;
		};
		3E1A1E831AD07C2B00223873 /* Build configuration list for PBXNativeTarget "ahaactioncenter" */ = {
			isa = XCConfigurationList;
			buildConfigurations = (
				3E1A1E841AD07C2B00223873 /* Debug */,
				3E1A1E851AD07C2B00223873 /* Release */,
			);
			defaultConfigurationIsVisible = 0;
			defaultConfigurationName = Release;
		};
		3E1A1E861AD07C2B00223873 /* Build configuration list for PBXNativeTarget "ahaactioncenterTests" */ = {
			isa = XCConfigurationList;
			buildConfigurations = (
				3E1A1E871AD07C2B00223873 /* Debug */,
				3E1A1E881AD07C2B00223873 /* Release */,
			);
			defaultConfigurationIsVisible = 0;
			defaultConfigurationName = Release;
		};
/* End XCConfigurationList section */
	};
	rootObject = 3E1A1E581AD07C2B00223873 /* Project object */;
}
